// !$*UTF8*$!
{
	archiveVersion = 1;
	classes = {
	};
	objectVersion = 50;
	objects = {

/* Begin PBXBuildFile section */
		4A220DC5221BFE75000156E3 /* CollectionItem.swift in Sources */ = {isa = PBXBuildFile; fileRef = 4A220DC4221BFE75000156E3 /* CollectionItem.swift */; };
		4A220DE3221C03AA000156E3 /* CollectionItem.xib in Resources */ = {isa = PBXBuildFile; fileRef = 4A220DE2221C03AA000156E3 /* CollectionItem.xib */; };
		4A28173B22126CBC00A6ECDC /* AppDelegate.swift in Sources */ = {isa = PBXBuildFile; fileRef = 4A28173A22126CBC00A6ECDC /* AppDelegate.swift */; };
		4A28173D22126CBC00A6ECDC /* ViewController.swift in Sources */ = {isa = PBXBuildFile; fileRef = 4A28173C22126CBC00A6ECDC /* ViewController.swift */; };
		4A28173F22126CC400A6ECDC /* Assets.xcassets in Resources */ = {isa = PBXBuildFile; fileRef = 4A28173E22126CC400A6ECDC /* Assets.xcassets */; };
		4A28174222126CC400A6ECDC /* Main.storyboard in Resources */ = {isa = PBXBuildFile; fileRef = 4A28174022126CC400A6ECDC /* Main.storyboard */; };
		4AEA9A542212BDD80061A8D6 /* DragDropView.swift in Sources */ = {isa = PBXBuildFile; fileRef = 4AEA9A532212BDD80061A8D6 /* DragDropView.swift */; };
/* End PBXBuildFile section */

/* Begin PBXFileReference section */
		4A220DC4221BFE75000156E3 /* CollectionItem.swift */ = {isa = PBXFileReference; lastKnownFileType = sourcecode.swift; path = CollectionItem.swift; sourceTree = "<group>"; };
		4A220DE2221C03AA000156E3 /* CollectionItem.xib */ = {isa = PBXFileReference; fileEncoding = 4; lastKnownFileType = file.xib; path = CollectionItem.xib; sourceTree = "<group>"; };
		4A28173722126CBC00A6ECDC /* FlashStart.app */ = {isa = PBXFileReference; explicitFileType = wrapper.application; includeInIndex = 0; path = FlashStart.app; sourceTree = BUILT_PRODUCTS_DIR; };
		4A28173A22126CBC00A6ECDC /* AppDelegate.swift */ = {isa = PBXFileReference; lastKnownFileType = sourcecode.swift; path = AppDelegate.swift; sourceTree = "<group>"; };
		4A28173C22126CBC00A6ECDC /* ViewController.swift */ = {isa = PBXFileReference; lastKnownFileType = sourcecode.swift; path = ViewController.swift; sourceTree = "<group>"; };
		4A28173E22126CC400A6ECDC /* Assets.xcassets */ = {isa = PBXFileReference; lastKnownFileType = folder.assetcatalog; path = Assets.xcassets; sourceTree = "<group>"; };
		4A28174122126CC400A6ECDC /* Base */ = {isa = PBXFileReference; lastKnownFileType = file.storyboard; name = Base; path = Base.lproj/Main.storyboard; sourceTree = "<group>"; };
		4A28174322126CC400A6ECDC /* Info.plist */ = {isa = PBXFileReference; lastKnownFileType = text.plist.xml; path = Info.plist; sourceTree = "<group>"; };
		4A28174422126CC400A6ECDC /* FlashStart.entitlements */ = {isa = PBXFileReference; lastKnownFileType = text.plist.entitlements; path = FlashStart.entitlements; sourceTree = "<group>"; };
		4AEA9A532212BDD80061A8D6 /* DragDropView.swift */ = {isa = PBXFileReference; lastKnownFileType = sourcecode.swift; path = DragDropView.swift; sourceTree = "<group>"; };
/* End PBXFileReference section */

/* Begin PBXFrameworksBuildPhase section */
		4A28173422126CBC00A6ECDC /* Frameworks */ = {
			isa = PBXFrameworksBuildPhase;
			buildActionMask = 2147483647;
			files = (
			);
			runOnlyForDeploymentPostprocessing = 0;
		};
/* End PBXFrameworksBuildPhase section */

/* Begin PBXGroup section */
		4A28172E22126CBC00A6ECDC = {
			isa = PBXGroup;
			children = (
				4A28173922126CBC00A6ECDC /* FlashStart */,
				4A28173822126CBC00A6ECDC /* Products */,
			);
			sourceTree = "<group>";
		};
		4A28173822126CBC00A6ECDC /* Products */ = {
			isa = PBXGroup;
			children = (
				4A28173722126CBC00A6ECDC /* FlashStart.app */,
			);
			name = Products;
			sourceTree = "<group>";
		};
		4A28173922126CBC00A6ECDC /* FlashStart */ = {
			isa = PBXGroup;
			children = (
				4A28173A22126CBC00A6ECDC /* AppDelegate.swift */,
				4A28173C22126CBC00A6ECDC /* ViewController.swift */,
				4AEA9A532212BDD80061A8D6 /* DragDropView.swift */,
				4A220DC4221BFE75000156E3 /* CollectionItem.swift */,
				4A220DE2221C03AA000156E3 /* CollectionItem.xib */,
				4A28173E22126CC400A6ECDC /* Assets.xcassets */,
				4A28174022126CC400A6ECDC /* Main.storyboard */,
				4A28174322126CC400A6ECDC /* Info.plist */,
				4A28174422126CC400A6ECDC /* FlashStart.entitlements */,
			);
			path = FlashStart;
			sourceTree = "<group>";
		};
/* End PBXGroup section */

/* Begin PBXNativeTarget section */
		4A28173622126CBC00A6ECDC /* FlashStart */ = {
			isa = PBXNativeTarget;
			buildConfigurationList = 4A28174722126CC400A6ECDC /* Build configuration list for PBXNativeTarget "FlashStart" */;
			buildPhases = (
				4A28173322126CBC00A6ECDC /* Sources */,
				4A28173422126CBC00A6ECDC /* Frameworks */,
				4A28173522126CBC00A6ECDC /* Resources */,
			);
			buildRules = (
			);
			dependencies = (
			);
			name = FlashStart;
			productName = FlashStart;
			productReference = 4A28173722126CBC00A6ECDC /* FlashStart.app */;
			productType = "com.apple.product-type.application";
		};
/* End PBXNativeTarget section */

/* Begin PBXProject section */
		4A28172F22126CBC00A6ECDC /* Project object */ = {
			isa = PBXProject;
			attributes = {
				LastSwiftUpdateCheck = 1010;
				LastUpgradeCheck = 1010;
				ORGANIZATIONNAME = wangwei;
				TargetAttributes = {
					4A28173622126CBC00A6ECDC = {
						CreatedOnToolsVersion = 10.1;
						SystemCapabilities = {
							com.apple.ApplicationGroups.Mac = {
								enabled = 0;
							};
							com.apple.Sandbox = {
								enabled = 0;
							};
						};
					};
				};
			};
			buildConfigurationList = 4A28173222126CBC00A6ECDC /* Build configuration list for PBXProject "FlashStart" */;
			compatibilityVersion = "Xcode 9.3";
			developmentRegion = en;
			hasScannedForEncodings = 0;
			knownRegions = (
				en,
				Base,
			);
			mainGroup = 4A28172E22126CBC00A6ECDC;
			productRefGroup = 4A28173822126CBC00A6ECDC /* Products */;
			projectDirPath = "";
			projectRoot = "";
			targets = (
				4A28173622126CBC00A6ECDC /* FlashStart */,
			);
		};
/* End PBXProject section */

/* Begin PBXResourcesBuildPhase section */
		4A28173522126CBC00A6ECDC /* Resources */ = {
			isa = PBXResourcesBuildPhase;
			buildActionMask = 2147483647;
			files = (
				4A28173F22126CC400A6ECDC /* Assets.xcassets in Resources */,
				4A220DE3221C03AA000156E3 /* CollectionItem.xib in Resources */,
				4A28174222126CC400A6ECDC /* Main.storyboard in Resources */,
			);
			runOnlyForDeploymentPostprocessing = 0;
		};
/* End PBXResourcesBuildPhase section */

/* Begin PBXSourcesBuildPhase section */
		4A28173322126CBC00A6ECDC /* Sources */ = {
			isa = PBXSourcesBuildPhase;
			buildActionMask = 2147483647;
			files = (
				4A28173D22126CBC00A6ECDC /* ViewController.swift in Sources */,
				4A28173B22126CBC00A6ECDC /* AppDelegate.swift in Sources */,
				4A220DC5221BFE75000156E3 /* CollectionItem.swift in Sources */,
				4AEA9A542212BDD80061A8D6 /* DragDropView.swift in Sources */,
			);
			runOnlyForDeploymentPostprocessing = 0;
		};
/* End PBXSourcesBuildPhase section */

/* Begin PBXVariantGroup section */
		4A28174022126CC400A6ECDC /* Main.storyboard */ = {
			isa = PBXVariantGroup;
			children = (
				4A28174122126CC400A6ECDC /* Base */,
			);
			name = Main.storyboard;
			sourceTree = "<group>";
		};
/* End PBXVariantGroup section */

/* Begin XCBuildConfiguration section */
		4A28174522126CC400A6ECDC /* Debug */ = {
			isa = XCBuildConfiguration;
			buildSettings = {
				ALWAYS_SEARCH_USER_PATHS = NO;
				CLANG_ANALYZER_NONNULL = YES;
				CLANG_ANALYZER_NUMBER_OBJECT_CONVERSION = YES_AGGRESSIVE;
				CLANG_CXX_LANGUAGE_STANDARD = "gnu++14";
				CLANG_CXX_LIBRARY = "libc++";
				CLANG_ENABLE_MODULES = YES;
				CLANG_ENABLE_OBJC_ARC = YES;
				CLANG_ENABLE_OBJC_WEAK = YES;
				CLANG_WARN_BLOCK_CAPTURE_AUTORELEASING = YES;
				CLANG_WARN_BOOL_CONVERSION = YES;
				CLANG_WARN_COMMA = YES;
				CLANG_WARN_CONSTANT_CONVERSION = YES;
				CLANG_WARN_DEPRECATED_OBJC_IMPLEMENTATIONS = YES;
				CLANG_WARN_DIRECT_OBJC_ISA_USAGE = YES_ERROR;
				CLANG_WARN_DOCUMENTATION_COMMENTS = YES;
				CLANG_WARN_EMPTY_BODY = YES;
				CLANG_WARN_ENUM_CONVERSION = YES;
				CLANG_WARN_INFINITE_RECURSION = YES;
				CLANG_WARN_INT_CONVERSION = YES;
				CLANG_WARN_NON_LITERAL_NULL_CONVERSION = YES;
				CLANG_WARN_OBJC_IMPLICIT_RETAIN_SELF = YES;
				CLANG_WARN_OBJC_LITERAL_CONVERSION = YES;
				CLANG_WARN_OBJC_ROOT_CLASS = YES_ERROR;
				CLANG_WARN_RANGE_LOOP_ANALYSIS = YES;
				CLANG_WARN_STRICT_PROTOTYPES = YES;
				CLANG_WARN_SUSPICIOUS_MOVE = YES;
				CLANG_WARN_UNGUARDED_AVAILABILITY = YES_AGGRESSIVE;
				CLANG_WARN_UNREACHABLE_CODE = YES;
				CLANG_WARN__DUPLICATE_METHOD_MATCH = YES;
				CODE_SIGN_IDENTITY = "Mac Developer";
				COPY_PHASE_STRIP = NO;
				DEBUG_INFORMATION_FORMAT = dwarf;
				ENABLE_STRICT_OBJC_MSGSEND = YES;
				ENABLE_TESTABILITY = YES;
				GCC_C_LANGUAGE_STANDARD = gnu11;
				GCC_DYNAMIC_NO_PIC = NO;
				GCC_NO_COMMON_BLOCKS = YES;
				GCC_OPTIMIZATION_LEVEL = 0;
				GCC_PREPROCESSOR_DEFINITIONS = (
					"DEBUG=1",
					"$(inherited)",
				);
				GCC_WARN_64_TO_32_BIT_CONVERSION = YES;
				GCC_WARN_ABOUT_RETURN_TYPE = YES_ERROR;
				GCC_WARN_UNDECLARED_SELECTOR = YES;
				GCC_WARN_UNINITIALIZED_AUTOS = YES_AGGRESSIVE;
				GCC_WARN_UNUSED_FUNCTION = YES;
				GCC_WARN_UNUSED_VARIABLE = YES;
				MACOSX_DEPLOYMENT_TARGET = 10.14;
				MTL_ENABLE_DEBUG_INFO = INCLUDE_SOURCE;
				MTL_FAST_MATH = YES;
				ONLY_ACTIVE_ARCH = YES;
				SDKROOT = macosx;
				SWIFT_ACTIVE_COMPILATION_CONDITIONS = DEBUG;
				SWIFT_OPTIMIZATION_LEVEL = "-Onone";
			};
			name = Debug;
		};
		4A28174622126CC400A6ECDC /* Release */ = {
			isa = XCBuildConfiguration;
			buildSettings = {
				ALWAYS_SEARCH_USER_PATHS = NO;
				CLANG_ANALYZER_NONNULL = YES;
				CLANG_ANALYZER_NUMBER_OBJECT_CONVERSION = YES_AGGRESSIVE;
				CLANG_CXX_LANGUAGE_STANDARD = "gnu++14";
				CLANG_CXX_LIBRARY = "libc++";
				CLANG_ENABLE_MODULES = YES;
				CLANG_ENABLE_OBJC_ARC = YES;
				CLANG_ENABLE_OBJC_WEAK = YES;
				CLANG_WARN_BLOCK_CAPTURE_AUTORELEASING = YES;
				CLANG_WARN_BOOL_CONVERSION = YES;
				CLANG_WARN_COMMA = YES;
				CLANG_WARN_CONSTANT_CONVERSION = YES;
				CLANG_WARN_DEPRECATED_OBJC_IMPLEMENTATIONS = YES;
				CLANG_WARN_DIRECT_OBJC_ISA_USAGE = YES_ERROR;
				CLANG_WARN_DOCUMENTATION_COMMENTS = YES;
				CLANG_WARN_EMPTY_BODY = YES;
				CLANG_WARN_ENUM_CONVERSION = YES;
				CLANG_WARN_INFINITE_RECURSION = YES;
				CLANG_WARN_INT_CONVERSION = YES;
				CLANG_WARN_NON_LITERAL_NULL_CONVERSION = YES;
				CLANG_WARN_OBJC_IMPLICIT_RETAIN_SELF = YES;
				CLANG_WARN_OBJC_LITERAL_CONVERSION = YES;
				CLANG_WARN_OBJC_ROOT_CLASS = YES_ERROR;
				CLANG_WARN_RANGE_LOOP_ANALYSIS = YES;
				CLANG_WARN_STRICT_PROTOTYPES = YES;
				CLANG_WARN_SUSPICIOUS_MOVE = YES;
				CLANG_WARN_UNGUARDED_AVAILABILITY = YES_AGGRESSIVE;
				CLANG_WARN_UNREACHABLE_CODE = YES;
				CLANG_WARN__DUPLICATE_METHOD_MATCH = YES;
				CODE_SIGN_IDENTITY = "Mac Developer";
				COPY_PHASE_STRIP = NO;
				DEBUG_INFORMATION_FORMAT = "dwarf-with-dsym";
				ENABLE_NS_ASSERTIONS = NO;
				ENABLE_STRICT_OBJC_MSGSEND = YES;
				GCC_C_LANGUAGE_STANDARD = gnu11;
				GCC_NO_COMMON_BLOCKS = YES;
				GCC_WARN_64_TO_32_BIT_CONVERSION = YES;
				GCC_WARN_ABOUT_RETURN_TYPE = YES_ERROR;
				GCC_WARN_UNDECLARED_SELECTOR = YES;
				GCC_WARN_UNINITIALIZED_AUTOS = YES_AGGRESSIVE;
				GCC_WARN_UNUSED_FUNCTION = YES;
				GCC_WARN_UNUSED_VARIABLE = YES;
				MACOSX_DEPLOYMENT_TARGET = 10.14;
				MTL_ENABLE_DEBUG_INFO = NO;
				MTL_FAST_MATH = YES;
				SDKROOT = macosx;
				SWIFT_COMPILATION_MODE = wholemodule;
				SWIFT_OPTIMIZATION_LEVEL = "-O";
			};
			name = Release;
		};
		4A28174822126CC400A6ECDC /* Debug */ = {
			isa = XCBuildConfiguration;
			buildSettings = {
				ASSETCATALOG_COMPILER_APPICON_NAME = AppIcon;
				CODE_SIGN_ENTITLEMENTS = FlashStart/FlashStart.entitlements;
				CODE_SIGN_STYLE = Automatic;
				COMBINE_HIDPI_IMAGES = YES;
				DEVELOPMENT_TEAM = B4WZLV5NYQ;
				FRAMEWORK_SEARCH_PATHS = (
					"$(inherited)",
					"$(PROJECT_DIR)/FlashStart",
				);
				INFOPLIST_FILE = FlashStart/Info.plist;
				LD_RUNPATH_SEARCH_PATHS = (
					"$(inherited)",
					"@executable_path/../Frameworks",
				);
				MACOSX_DEPLOYMENT_TARGET = 10.13;
				PRODUCT_BUNDLE_IDENTIFIER = xjk.FlashStart;
				PRODUCT_NAME = "$(TARGET_NAME)";
				SWIFT_INSTALL_OBJC_HEADER = YES;
				SWIFT_OBJC_BRIDGING_HEADER = "";
				SWIFT_VERSION = 4.2;
			};
			name = Debug;
		};
		4A28174922126CC400A6ECDC /* Release */ = {
			isa = XCBuildConfiguration;
			buildSettings = {
				ASSETCATALOG_COMPILER_APPICON_NAME = AppIcon;
				CODE_SIGN_ENTITLEMENTS = FlashStart/FlashStart.entitlements;
				CODE_SIGN_STYLE = Automatic;
				COMBINE_HIDPI_IMAGES = YES;
				DEVELOPMENT_TEAM = B4WZLV5NYQ;
				FRAMEWORK_SEARCH_PATHS = (
					"$(inherited)",
					"$(PROJECT_DIR)/FlashStart",
				);
				INFOPLIST_FILE = FlashStart/Info.plist;
				LD_RUNPATH_SEARCH_PATHS = (
					"$(inherited)",
					"@executable_path/../Frameworks",
				);
				MACOSX_DEPLOYMENT_TARGET = 10.13;
				PRODUCT_BUNDLE_IDENTIFIER = xjk.FlashStart;
				PRODUCT_NAME = "$(TARGET_NAME)";
				SWIFT_INSTALL_OBJC_HEADER = YES;
				SWIFT_OBJC_BRIDGING_HEADER = "";
				SWIFT_VERSION = 4.2;
			};
			name = Release;
		};
/* End XCBuildConfiguration section */

/* Begin XCConfigurationList section */
		4A28173222126CBC00A6ECDC /* Build configuration list for PBXProject "FlashStart" */ = {
			isa = XCConfigurationList;
			buildConfigurations = (
				4A28174522126CC400A6ECDC /* Debug */,
				4A28174622126CC400A6ECDC /* Release */,
			);
			defaultConfigurationIsVisible = 0;
			defaultConfigurationName = Release;
		};
		4A28174722126CC400A6ECDC /* Build configuration list for PBXNativeTarget "FlashStart" */ = {
			isa = XCConfigurationList;
			buildConfigurations = (
				4A28174822126CC400A6ECDC /* Debug */,
				4A28174922126CC400A6ECDC /* Release */,
			);
			defaultConfigurationIsVisible = 0;
			defaultConfigurationName = Release;
		};
/* End XCConfigurationList section */
	};
	rootObject = 4A28172F22126CBC00A6ECDC /* Project object */;
}
